
Microsoft Visual Studio Solution File, Format Version 12.00
# Visual Studio 2017
Project("{FAE04EC0-301F-11D3-BF4B-00C04F79EFBC}") = "RE0-RPG", "RE0-RPG.csproj", "{4E6FB638-CA87-0CFC-48FC-54E89EA13B38}"
EndProject
Project("{FAE04EC0-301F-11D3-BF4B-00C04F79EFBC}") = "RE0-RPG.Editor", "RE0-RPG.Editor.csproj", "{428B09CB-2A46-1EFD-E14A-ECBC4F9E2957}"
EndProject
Global
	GlobalSection(SolutionConfigurationPlatforms) = preSolution
		Debug|Any CPU = Debug|Any CPU
		Release|Any CPU = Release|Any CPU
	EndGlobalSection
	GlobalSection(ProjectConfigurationPlatforms) = postSolution
		{4E6FB638-CA87-0CFC-48FC-54E89EA13B38}.Debug|Any CPU.ActiveCfg = Debug|Any CPU
		{4E6FB638-CA87-0CFC-48FC-54E89EA13B38}.Debug|Any CPU.Build.0 = Debug|Any CPU
		{4E6FB638-CA87-0CFC-48FC-54E89EA13B38}.Release|Any CPU.ActiveCfg = Release|Any CPU
		{4E6FB638-CA87-0CFC-48FC-54E89EA13B38}.Release|Any CPU.Build.0 = Release|Any CPU
		{428B09CB-2A46-1EFD-E14A-ECBC4F9E2957}.Debug|Any CPU.ActiveCfg = Debug|Any CPU
		{428B09CB-2A46-1EFD-E14A-ECBC4F9E2957}.Debug|Any CPU.Build.0 = Debug|Any CPU
		{428B09CB-2A46-1EFD-E14A-ECBC4F9E2957}.Release|Any CPU.ActiveCfg = Release|Any CPU
		{428B09CB-2A46-1EFD-E14A-ECBC4F9E2957}.Release|Any CPU.Build.0 = Release|Any CPU
	EndGlobalSection
	GlobalSection(SolutionProperties) = preSolution
		HideSolutionNode = FALSE
	EndGlobalSection
EndGlobal
